
Microsoft Visual Studio Solution File, Format Version 12.00
# Visual Studio Version 16
VisualStudioVersion = 16.0.30204.135
MinimumVisualStudioVersion = 10.0.40219.1
Project("{FAE04EC0-301F-11D3-BF4B-00C04F79EFBC}") = "KursLab", "KursLab\KursLab.csproj", "{BBE1071D-59AA-4D2F-BBF4-67C7D88611AF}"
EndProject
Global
	GlobalSection(SolutionConfigurationPlatforms) = preSolution
		Debug|Any CPU = Debug|Any CPU
		Release|Any CPU = Release|Any CPU
	EndGlobalSection
	GlobalSection(ProjectConfigurationPlatforms) = postSolution
		{BBE1071D-59AA-4D2F-BBF4-67C7D88611AF}.Debug|Any CPU.ActiveCfg = Debug|Any CPU
		{BBE1071D-59AA-4D2F-BBF4-67C7D88611AF}.Debug|Any CPU.Build.0 = Debug|Any CPU
		{BBE1071D-59AA-4D2F-BBF4-67C7D88611AF}.Release|Any CPU.ActiveCfg = Release|Any CPU
		{BBE1071D-59AA-4D2F-BBF4-67C7D88611AF}.Release|Any CPU.Build.0 = Release|Any CPU
	EndGlobalSection
	GlobalSection(SolutionProperties) = preSolution
		HideSolutionNode = FALSE
	EndGlobalSection
	GlobalSection(ExtensibilityGlobals) = postSolution
		SolutionGuid = {B0843725-37CF-4411-BEE3-406CCF6B2900}
	EndGlobalSection
EndGlobal
